{
    "name": "spaceshoot",
    "version": "1.0.0",
    "lockfileVersion": 1,
    "requires": true,
    "dependencies": {
        "chmod": {
            "version": "0.2.1",
            "resolved": "https://registry.npmjs.org/chmod/-/chmod-0.2.1.tgz",
            "integrity": "sha1-3uccQg/AC/Uj1XKxSSL1XZGfnQo=",
            "requires": {
                "deep-extend": "0.2.11",
                "stat-mode": "0.1.0"
            }
        },
        "deep-extend": {
            "version": "0.2.11",
            "resolved": "https://registry.npmjs.org/deep-extend/-/deep-extend-0.2.11.tgz",
            "integrity": "sha1-eha6aXKRMjQFBhcElLyD9wdv4I8="
        },
        "stat-mode": {
            "version": "0.1.0",
            "resolved": "https://registry.npmjs.org/stat-mode/-/stat-mode-0.1.0.tgz",
            "integrity": "sha1-DPvsOvKeYFkSLS9+/D6WqCA1Vqk="
        }
    }
}
